
Microsoft Visual Studio Solution File, Format Version 12.00
# Visual Studio Version 17
VisualStudioVersion = 17.5.33516.290
MinimumVisualStudioVersion = 10.0.40219.1
Project("{9A19103F-16F7-4668-BE54-9A1E7A4F7556}") = "BackendAPI1", "BackendAPI1.csproj", "{84FFBAFE-EAA7-4C5F-8016-6A17B0CE12BE}"
EndProject
Project("{FAE04EC0-301F-11D3-BF4B-00C04F79EFBC}") = "TodoAPI.tests", "..\TodoAPI.tests\TodoAPI.tests.csproj", "{9FD133D6-75D4-4542-948B-D755DA81DBB9}"
EndProject
Global
	GlobalSection(SolutionConfigurationPlatforms) = preSolution
		Debug|Any CPU = Debug|Any CPU
		Release|Any CPU = Release|Any CPU
	EndGlobalSection
	GlobalSection(ProjectConfigurationPlatforms) = postSolution
		{84FFBAFE-EAA7-4C5F-8016-6A17B0CE12BE}.Debug|Any CPU.ActiveCfg = Debug|Any CPU
		{84FFBAFE-EAA7-4C5F-8016-6A17B0CE12BE}.Debug|Any CPU.Build.0 = Debug|Any CPU
		{84FFBAFE-EAA7-4C5F-8016-6A17B0CE12BE}.Release|Any CPU.ActiveCfg = Release|Any CPU
		{84FFBAFE-EAA7-4C5F-8016-6A17B0CE12BE}.Release|Any CPU.Build.0 = Release|Any CPU
		{9FD133D6-75D4-4542-948B-D755DA81DBB9}.Debug|Any CPU.ActiveCfg = Debug|Any CPU
		{9FD133D6-75D4-4542-948B-D755DA81DBB9}.Debug|Any CPU.Build.0 = Debug|Any CPU
		{9FD133D6-75D4-4542-948B-D755DA81DBB9}.Release|Any CPU.ActiveCfg = Release|Any CPU
		{9FD133D6-75D4-4542-948B-D755DA81DBB9}.Release|Any CPU.Build.0 = Release|Any CPU
	EndGlobalSection
	GlobalSection(SolutionProperties) = preSolution
		HideSolutionNode = FALSE
	EndGlobalSection
	GlobalSection(ExtensibilityGlobals) = postSolution
		SolutionGuid = {B0ED7135-D836-4035-9707-5034F96B5639}
	EndGlobalSection
EndGlobal
